
Microsoft Visual Studio Solution File, Format Version 12.00
# Visual Studio Version 16
VisualStudioVersion = 16.0.28803.352
MinimumVisualStudioVersion = 10.0.40219.1
Project("{9A19103F-16F7-4668-BE54-9A1E7A4F7556}") = "Distvisor.Web", "Distvisor.Web\Distvisor.Web.csproj", "{A1003EF4-7F28-4D0E-88C1-A676BB4E2926}"
EndProject
Project("{FAE04EC0-301F-11D3-BF4B-00C04F79EFBC}") = "AngularTemplate", "AngularTemplate\AngularTemplate.csproj", "{8439C1E6-C9CF-4691-8063-99A099AC1437}"
EndProject
Global
	GlobalSection(SolutionConfigurationPlatforms) = preSolution
		Debug|Any CPU = Debug|Any CPU
		Release|Any CPU = Release|Any CPU
	EndGlobalSection
	GlobalSection(ProjectConfigurationPlatforms) = postSolution
		{A1003EF4-7F28-4D0E-88C1-A676BB4E2926}.Debug|Any CPU.ActiveCfg = Debug|Any CPU
		{A1003EF4-7F28-4D0E-88C1-A676BB4E2926}.Debug|Any CPU.Build.0 = Debug|Any CPU
		{A1003EF4-7F28-4D0E-88C1-A676BB4E2926}.Release|Any CPU.ActiveCfg = Release|Any CPU
		{A1003EF4-7F28-4D0E-88C1-A676BB4E2926}.Release|Any CPU.Build.0 = Release|Any CPU
		{8439C1E6-C9CF-4691-8063-99A099AC1437}.Debug|Any CPU.ActiveCfg = Debug|Any CPU
		{8439C1E6-C9CF-4691-8063-99A099AC1437}.Debug|Any CPU.Build.0 = Debug|Any CPU
		{8439C1E6-C9CF-4691-8063-99A099AC1437}.Release|Any CPU.ActiveCfg = Release|Any CPU
		{8439C1E6-C9CF-4691-8063-99A099AC1437}.Release|Any CPU.Build.0 = Release|Any CPU
	EndGlobalSection
	GlobalSection(SolutionProperties) = preSolution
		HideSolutionNode = FALSE
	EndGlobalSection
	GlobalSection(ExtensibilityGlobals) = postSolution
		SolutionGuid = {D2914F3E-7ECC-457F-AAAE-4D65DF3F3CC4}
	EndGlobalSection
EndGlobal
